
Microsoft Visual Studio Solution File, Format Version 12.00
# Visual Studio Express 2012 for Web
Project("{FAE04EC0-301F-11D3-BF4B-00C04F79EFBC}") = "Mvc4ApplicationDemo", "Mvc4ApplicationDemo\Mvc4ApplicationDemo.csproj", "{C4F73582-48AD-4947-90F4-FBC46DAD6E08}"
EndProject
Project("{FAE04EC0-301F-11D3-BF4B-00C04F79EFBC}") = "DAL", "DAL\DAL.csproj", "{245F03C6-A4DE-4E0F-9114-71FAA64F1A4B}"
EndProject
Global
	GlobalSection(SolutionConfigurationPlatforms) = preSolution
		Debug|Any CPU = Debug|Any CPU
		Release|Any CPU = Release|Any CPU
	EndGlobalSection
	GlobalSection(ProjectConfigurationPlatforms) = postSolution
		{C4F73582-48AD-4947-90F4-FBC46DAD6E08}.Debug|Any CPU.ActiveCfg = Debug|Any CPU
		{C4F73582-48AD-4947-90F4-FBC46DAD6E08}.Debug|Any CPU.Build.0 = Debug|Any CPU
		{C4F73582-48AD-4947-90F4-FBC46DAD6E08}.Release|Any CPU.ActiveCfg = Release|Any CPU
		{C4F73582-48AD-4947-90F4-FBC46DAD6E08}.Release|Any CPU.Build.0 = Release|Any CPU
		{245F03C6-A4DE-4E0F-9114-71FAA64F1A4B}.Debug|Any CPU.ActiveCfg = Debug|Any CPU
		{245F03C6-A4DE-4E0F-9114-71FAA64F1A4B}.Debug|Any CPU.Build.0 = Debug|Any CPU
		{245F03C6-A4DE-4E0F-9114-71FAA64F1A4B}.Release|Any CPU.ActiveCfg = Release|Any CPU
		{245F03C6-A4DE-4E0F-9114-71FAA64F1A4B}.Release|Any CPU.Build.0 = Release|Any CPU
	EndGlobalSection
	GlobalSection(SolutionProperties) = preSolution
		HideSolutionNode = FALSE
	EndGlobalSection
EndGlobal
